
Microsoft Visual Studio Solution File, Format Version 12.00
# Visual Studio Version 17
VisualStudioVersion = 17.0.32002.185
MinimumVisualStudioVersion = 10.0.40219.1
Project("{9A19103F-16F7-4668-BE54-9A1E7A4F7556}") = "MovieHunt", "MovieHunt\MovieHunt\MovieHunt.csproj", "{9504A6F0-FF59-4480-83CA-8A91844A0A5E}"
EndProject
Project("{FAE04EC0-301F-11D3-BF4B-00C04F79EFBC}") = "MovieHunt.Android", "MovieHunt\MovieHunt.Android\MovieHunt.Android.csproj", "{CCDE14C6-636B-4C7B-ADD9-9940430E7775}"
EndProject
Project("{FAE04EC0-301F-11D3-BF4B-00C04F79EFBC}") = "MovieHunt.iOS", "MovieHunt\MovieHunt.iOS\MovieHunt.iOS.csproj", "{0D25B64E-B969-4E6A-9BB0-A78CCAC92EA5}"
EndProject
Project("{2150E333-8FDC-42A3-9474-1A3956D46DE8}") = "Tests", "Tests", "{D47F9839-B659-4641-BFD1-18D4D3842666}"
EndProject
Project("{9A19103F-16F7-4668-BE54-9A1E7A4F7556}") = "MovieHunt.Tests", "MovieHunt.Tests\MovieHunt.Tests.csproj", "{464003A2-64D1-4F69-865C-703A06F84D50}"
EndProject
Project("{FAE04EC0-301F-11D3-BF4B-00C04F79EFBC}") = "MovieHunt.Tests.xUnit", "MovieHunt.Tests.xUnit\MovieHunt.Tests.xUnit.csproj", "{E86F0855-A56C-4090-AEA0-747CBF76F025}"
EndProject
Global
	GlobalSection(SolutionConfigurationPlatforms) = preSolution
		Ad-Hoc|Any CPU = Ad-Hoc|Any CPU
		Ad-Hoc|iPhone = Ad-Hoc|iPhone
		Ad-Hoc|iPhoneSimulator = Ad-Hoc|iPhoneSimulator
		AppStore|Any CPU = AppStore|Any CPU
		AppStore|iPhone = AppStore|iPhone
		AppStore|iPhoneSimulator = AppStore|iPhoneSimulator
		Debug|Any CPU = Debug|Any CPU
		Debug|iPhone = Debug|iPhone
		Debug|iPhoneSimulator = Debug|iPhoneSimulator
		Release|Any CPU = Release|Any CPU
		Release|iPhone = Release|iPhone
		Release|iPhoneSimulator = Release|iPhoneSimulator
	EndGlobalSection
	GlobalSection(ProjectConfigurationPlatforms) = postSolution
		{9504A6F0-FF59-4480-83CA-8A91844A0A5E}.Ad-Hoc|Any CPU.ActiveCfg = Debug|Any CPU
		{9504A6F0-FF59-4480-83CA-8A91844A0A5E}.Ad-Hoc|Any CPU.Build.0 = Debug|Any CPU
		{9504A6F0-FF59-4480-83CA-8A91844A0A5E}.Ad-Hoc|iPhone.ActiveCfg = Debug|Any CPU
		{9504A6F0-FF59-4480-83CA-8A91844A0A5E}.Ad-Hoc|iPhone.Build.0 = Debug|Any CPU
		{9504A6F0-FF59-4480-83CA-8A91844A0A5E}.Ad-Hoc|iPhoneSimulator.ActiveCfg = Debug|Any CPU
		{9504A6F0-FF59-4480-83CA-8A91844A0A5E}.Ad-Hoc|iPhoneSimulator.Build.0 = Debug|Any CPU
		{9504A6F0-FF59-4480-83CA-8A91844A0A5E}.AppStore|Any CPU.ActiveCfg = Debug|Any CPU
		{9504A6F0-FF59-4480-83CA-8A91844A0A5E}.AppStore|Any CPU.Build.0 = Debug|Any CPU
		{9504A6F0-FF59-4480-83CA-8A91844A0A5E}.AppStore|iPhone.ActiveCfg = Debug|Any CPU
		{9504A6F0-FF59-4480-83CA-8A91844A0A5E}.AppStore|iPhone.Build.0 = Debug|Any CPU
		{9504A6F0-FF59-4480-83CA-8A91844A0A5E}.AppStore|iPhoneSimulator.ActiveCfg = Debug|Any CPU
		{9504A6F0-FF59-4480-83CA-8A91844A0A5E}.AppStore|iPhoneSimulator.Build.0 = Debug|Any CPU
		{9504A6F0-FF59-4480-83CA-8A91844A0A5E}.Debug|Any CPU.ActiveCfg = Debug|Any CPU
		{9504A6F0-FF59-4480-83CA-8A91844A0A5E}.Debug|Any CPU.Build.0 = Debug|Any CPU
		{9504A6F0-FF59-4480-83CA-8A91844A0A5E}.Debug|iPhone.ActiveCfg = Debug|Any CPU
		{9504A6F0-FF59-4480-83CA-8A91844A0A5E}.Debug|iPhone.Build.0 = Debug|Any CPU
		{9504A6F0-FF59-4480-83CA-8A91844A0A5E}.Debug|iPhoneSimulator.ActiveCfg = Debug|Any CPU
		{9504A6F0-FF59-4480-83CA-8A91844A0A5E}.Debug|iPhoneSimulator.Build.0 = Debug|Any CPU
		{9504A6F0-FF59-4480-83CA-8A91844A0A5E}.Release|Any CPU.ActiveCfg = Release|Any CPU
		{9504A6F0-FF59-4480-83CA-8A91844A0A5E}.Release|Any CPU.Build.0 = Release|Any CPU
		{9504A6F0-FF59-4480-83CA-8A91844A0A5E}.Release|iPhone.ActiveCfg = Release|Any CPU
		{9504A6F0-FF59-4480-83CA-8A91844A0A5E}.Release|iPhone.Build.0 = Release|Any CPU
		{9504A6F0-FF59-4480-83CA-8A91844A0A5E}.Release|iPhoneSimulator.ActiveCfg = Release|Any CPU
		{9504A6F0-FF59-4480-83CA-8A91844A0A5E}.Release|iPhoneSimulator.Build.0 = Release|Any CPU
		{CCDE14C6-636B-4C7B-ADD9-9940430E7775}.Ad-Hoc|Any CPU.ActiveCfg = Release|Any CPU
		{CCDE14C6-636B-4C7B-ADD9-9940430E7775}.Ad-Hoc|Any CPU.Build.0 = Release|Any CPU
		{CCDE14C6-636B-4C7B-ADD9-9940430E7775}.Ad-Hoc|Any CPU.Deploy.0 = Release|Any CPU
		{CCDE14C6-636B-4C7B-ADD9-9940430E7775}.Ad-Hoc|iPhone.ActiveCfg = Release|Any CPU
		{CCDE14C6-636B-4C7B-ADD9-9940430E7775}.Ad-Hoc|iPhone.Build.0 = Release|Any CPU
		{CCDE14C6-636B-4C7B-ADD9-9940430E7775}.Ad-Hoc|iPhone.Deploy.0 = Release|Any CPU
		{CCDE14C6-636B-4C7B-ADD9-9940430E7775}.Ad-Hoc|iPhoneSimulator.ActiveCfg = Release|Any CPU
		{CCDE14C6-636B-4C7B-ADD9-9940430E7775}.Ad-Hoc|iPhoneSimulator.Build.0 = Release|Any CPU
		{CCDE14C6-636B-4C7B-ADD9-9940430E7775}.Ad-Hoc|iPhoneSimulator.Deploy.0 = Release|Any CPU
		{CCDE14C6-636B-4C7B-ADD9-9940430E7775}.AppStore|Any CPU.ActiveCfg = Release|Any CPU
		{CCDE14C6-636B-4C7B-ADD9-9940430E7775}.AppStore|Any CPU.Build.0 = Release|Any CPU
		{CCDE14C6-636B-4C7B-ADD9-9940430E7775}.AppStore|Any CPU.Deploy.0 = Release|Any CPU
		{CCDE14C6-636B-4C7B-ADD9-9940430E7775}.AppStore|iPhone.ActiveCfg = Release|Any CPU
		{CCDE14C6-636B-4C7B-ADD9-9940430E7775}.AppStore|iPhone.Build.0 = Release|Any CPU
		{CCDE14C6-636B-4C7B-ADD9-9940430E7775}.AppStore|iPhone.Deploy.0 = Release|Any CPU
		{CCDE14C6-636B-4C7B-ADD9-9940430E7775}.AppStore|iPhoneSimulator.ActiveCfg = Release|Any CPU
		{CCDE14C6-636B-4C7B-ADD9-9940430E7775}.AppStore|iPhoneSimulator.Build.0 = Release|Any CPU
		{CCDE14C6-636B-4C7B-ADD9-9940430E7775}.AppStore|iPhoneSimulator.Deploy.0 = Release|Any CPU
		{CCDE14C6-636B-4C7B-ADD9-9940430E7775}.Debug|Any CPU.ActiveCfg = Debug|Any CPU
		{CCDE14C6-636B-4C7B-ADD9-9940430E7775}.Debug|Any CPU.Build.0 = Debug|Any CPU
		{CCDE14C6-636B-4C7B-ADD9-9940430E7775}.Debug|Any CPU.Deploy.0 = Debug|Any CPU
		{CCDE14C6-636B-4C7B-ADD9-9940430E7775}.Debug|iPhone.ActiveCfg = Debug|Any CPU
		{CCDE14C6-636B-4C7B-ADD9-9940430E7775}.Debug|iPhone.Build.0 = Debug|Any CPU
		{CCDE14C6-636B-4C7B-ADD9-9940430E7775}.Debug|iPhone.Deploy.0 = Debug|Any CPU
		{CCDE14C6-636B-4C7B-ADD9-9940430E7775}.Debug|iPhoneSimulator.ActiveCfg = Debug|Any CPU
		{CCDE14C6-636B-4C7B-ADD9-9940430E7775}.Debug|iPhoneSimulator.Build.0 = Debug|Any CPU
		{CCDE14C6-636B-4C7B-ADD9-9940430E7775}.Debug|iPhoneSimulator.Deploy.0 = Debug|Any CPU
		{CCDE14C6-636B-4C7B-ADD9-9940430E7775}.Release|Any CPU.ActiveCfg = Release|Any CPU
		{CCDE14C6-636B-4C7B-ADD9-9940430E7775}.Release|Any CPU.Build.0 = Release|Any CPU
		{CCDE14C6-636B-4C7B-ADD9-9940430E7775}.Release|Any CPU.Deploy.0 = Release|Any CPU
		{CCDE14C6-636B-4C7B-ADD9-9940430E7775}.Release|iPhone.ActiveCfg = Release|Any CPU
		{CCDE14C6-636B-4C7B-ADD9-9940430E7775}.Release|iPhone.Build.0 = Release|Any CPU
		{CCDE14C6-636B-4C7B-ADD9-9940430E7775}.Release|iPhone.Deploy.0 = Release|Any CPU
		{CCDE14C6-636B-4C7B-ADD9-9940430E7775}.Release|iPhoneSimulator.ActiveCfg = Release|Any CPU
		{CCDE14C6-636B-4C7B-ADD9-9940430E7775}.Release|iPhoneSimulator.Build.0 = Release|Any CPU
		{CCDE14C6-636B-4C7B-ADD9-9940430E7775}.Release|iPhoneSimulator.Deploy.0 = Release|Any CPU
		{0D25B64E-B969-4E6A-9BB0-A78CCAC92EA5}.Ad-Hoc|Any CPU.ActiveCfg = Ad-Hoc|iPhone
		{0D25B64E-B969-4E6A-9BB0-A78CCAC92EA5}.Ad-Hoc|iPhone.ActiveCfg = Ad-Hoc|iPhone
		{0D25B64E-B969-4E6A-9BB0-A78CCAC92EA5}.Ad-Hoc|iPhone.Build.0 = Ad-Hoc|iPhone
		{0D25B64E-B969-4E6A-9BB0-A78CCAC92EA5}.Ad-Hoc|iPhoneSimulator.ActiveCfg = Ad-Hoc|iPhoneSimulator
		{0D25B64E-B969-4E6A-9BB0-A78CCAC92EA5}.Ad-Hoc|iPhoneSimulator.Build.0 = Ad-Hoc|iPhoneSimulator
		{0D25B64E-B969-4E6A-9BB0-A78CCAC92EA5}.AppStore|Any CPU.ActiveCfg = AppStore|iPhone
		{0D25B64E-B969-4E6A-9BB0-A78CCAC92EA5}.AppStore|iPhone.ActiveCfg = AppStore|iPhone
		{0D25B64E-B969-4E6A-9BB0-A78CCAC92EA5}.AppStore|iPhone.Build.0 = AppStore|iPhone
		{0D25B64E-B969-4E6A-9BB0-A78CCAC92EA5}.AppStore|iPhoneSimulator.ActiveCfg = AppStore|iPhoneSimulator
		{0D25B64E-B969-4E6A-9BB0-A78CCAC92EA5}.AppStore|iPhoneSimulator.Build.0 = AppStore|iPhoneSimulator
		{0D25B64E-B969-4E6A-9BB0-A78CCAC92EA5}.Debug|Any CPU.ActiveCfg = Debug|iPhone
		{0D25B64E-B969-4E6A-9BB0-A78CCAC92EA5}.Debug|iPhone.ActiveCfg = Debug|iPhone
		{0D25B64E-B969-4E6A-9BB0-A78CCAC92EA5}.Debug|iPhone.Build.0 = Debug|iPhone
		{0D25B64E-B969-4E6A-9BB0-A78CCAC92EA5}.Debug|iPhoneSimulator.ActiveCfg = Debug|iPhoneSimulator
		{0D25B64E-B969-4E6A-9BB0-A78CCAC92EA5}.Debug|iPhoneSimulator.Build.0 = Debug|iPhoneSimulator
		{0D25B64E-B969-4E6A-9BB0-A78CCAC92EA5}.Release|Any CPU.ActiveCfg = Release|iPhone
		{0D25B64E-B969-4E6A-9BB0-A78CCAC92EA5}.Release|iPhone.ActiveCfg = Release|iPhone
		{0D25B64E-B969-4E6A-9BB0-A78CCAC92EA5}.Release|iPhone.Build.0 = Release|iPhone
		{0D25B64E-B969-4E6A-9BB0-A78CCAC92EA5}.Release|iPhoneSimulator.ActiveCfg = Release|iPhoneSimulator
		{0D25B64E-B969-4E6A-9BB0-A78CCAC92EA5}.Release|iPhoneSimulator.Build.0 = Release|iPhoneSimulator
		{464003A2-64D1-4F69-865C-703A06F84D50}.Ad-Hoc|Any CPU.ActiveCfg = Debug|Any CPU
		{464003A2-64D1-4F69-865C-703A06F84D50}.Ad-Hoc|Any CPU.Build.0 = Debug|Any CPU
		{464003A2-64D1-4F69-865C-703A06F84D50}.Ad-Hoc|iPhone.ActiveCfg = Debug|Any CPU
		{464003A2-64D1-4F69-865C-703A06F84D50}.Ad-Hoc|iPhone.Build.0 = Debug|Any CPU
		{464003A2-64D1-4F69-865C-703A06F84D50}.Ad-Hoc|iPhoneSimulator.ActiveCfg = Debug|Any CPU
		{464003A2-64D1-4F69-865C-703A06F84D50}.Ad-Hoc|iPhoneSimulator.Build.0 = Debug|Any CPU
		{464003A2-64D1-4F69-865C-703A06F84D50}.AppStore|Any CPU.ActiveCfg = Debug|Any CPU
		{464003A2-64D1-4F69-865C-703A06F84D50}.AppStore|Any CPU.Build.0 = Debug|Any CPU
		{464003A2-64D1-4F69-865C-703A06F84D50}.AppStore|iPhone.ActiveCfg = Debug|Any CPU
		{464003A2-64D1-4F69-865C-703A06F84D50}.AppStore|iPhone.Build.0 = Debug|Any CPU
		{464003A2-64D1-4F69-865C-703A06F84D50}.AppStore|iPhoneSimulator.ActiveCfg = Debug|Any CPU
		{464003A2-64D1-4F69-865C-703A06F84D50}.AppStore|iPhoneSimulator.Build.0 = Debug|Any CPU
		{464003A2-64D1-4F69-865C-703A06F84D50}.Debug|Any CPU.ActiveCfg = Debug|Any CPU
		{464003A2-64D1-4F69-865C-703A06F84D50}.Debug|Any CPU.Build.0 = Debug|Any CPU
		{464003A2-64D1-4F69-865C-703A06F84D50}.Debug|iPhone.ActiveCfg = Debug|Any CPU
		{464003A2-64D1-4F69-865C-703A06F84D50}.Debug|iPhone.Build.0 = Debug|Any CPU
		{464003A2-64D1-4F69-865C-703A06F84D50}.Debug|iPhoneSimulator.ActiveCfg = Debug|Any CPU
		{464003A2-64D1-4F69-865C-703A06F84D50}.Debug|iPhoneSimulator.Build.0 = Debug|Any CPU
		{464003A2-64D1-4F69-865C-703A06F84D50}.Release|Any CPU.ActiveCfg = Release|Any CPU
		{464003A2-64D1-4F69-865C-703A06F84D50}.Release|Any CPU.Build.0 = Release|Any CPU
		{464003A2-64D1-4F69-865C-703A06F84D50}.Release|iPhone.ActiveCfg = Release|Any CPU
		{464003A2-64D1-4F69-865C-703A06F84D50}.Release|iPhone.Build.0 = Release|Any CPU
		{464003A2-64D1-4F69-865C-703A06F84D50}.Release|iPhoneSimulator.ActiveCfg = Release|Any CPU
		{464003A2-64D1-4F69-865C-703A06F84D50}.Release|iPhoneSimulator.Build.0 = Release|Any CPU
		{E86F0855-A56C-4090-AEA0-747CBF76F025}.Ad-Hoc|Any CPU.ActiveCfg = Debug|Any CPU
		{E86F0855-A56C-4090-AEA0-747CBF76F025}.Ad-Hoc|Any CPU.Build.0 = Debug|Any CPU
		{E86F0855-A56C-4090-AEA0-747CBF76F025}.Ad-Hoc|iPhone.ActiveCfg = Debug|Any CPU
		{E86F0855-A56C-4090-AEA0-747CBF76F025}.Ad-Hoc|iPhone.Build.0 = Debug|Any CPU
		{E86F0855-A56C-4090-AEA0-747CBF76F025}.Ad-Hoc|iPhoneSimulator.ActiveCfg = Debug|Any CPU
		{E86F0855-A56C-4090-AEA0-747CBF76F025}.Ad-Hoc|iPhoneSimulator.Build.0 = Debug|Any CPU
		{E86F0855-A56C-4090-AEA0-747CBF76F025}.AppStore|Any CPU.ActiveCfg = Debug|Any CPU
		{E86F0855-A56C-4090-AEA0-747CBF76F025}.AppStore|Any CPU.Build.0 = Debug|Any CPU
		{E86F0855-A56C-4090-AEA0-747CBF76F025}.AppStore|iPhone.ActiveCfg = Debug|Any CPU
		{E86F0855-A56C-4090-AEA0-747CBF76F025}.AppStore|iPhone.Build.0 = Debug|Any CPU
		{E86F0855-A56C-4090-AEA0-747CBF76F025}.AppStore|iPhoneSimulator.ActiveCfg = Debug|Any CPU
		{E86F0855-A56C-4090-AEA0-747CBF76F025}.AppStore|iPhoneSimulator.Build.0 = Debug|Any CPU
		{E86F0855-A56C-4090-AEA0-747CBF76F025}.Debug|Any CPU.ActiveCfg = Debug|Any CPU
		{E86F0855-A56C-4090-AEA0-747CBF76F025}.Debug|Any CPU.Build.0 = Debug|Any CPU
		{E86F0855-A56C-4090-AEA0-747CBF76F025}.Debug|iPhone.ActiveCfg = Debug|Any CPU
		{E86F0855-A56C-4090-AEA0-747CBF76F025}.Debug|iPhone.Build.0 = Debug|Any CPU
		{E86F0855-A56C-4090-AEA0-747CBF76F025}.Debug|iPhoneSimulator.ActiveCfg = Debug|Any CPU
		{E86F0855-A56C-4090-AEA0-747CBF76F025}.Debug|iPhoneSimulator.Build.0 = Debug|Any CPU
		{E86F0855-A56C-4090-AEA0-747CBF76F025}.Release|Any CPU.ActiveCfg = Release|Any CPU
		{E86F0855-A56C-4090-AEA0-747CBF76F025}.Release|Any CPU.Build.0 = Release|Any CPU
		{E86F0855-A56C-4090-AEA0-747CBF76F025}.Release|iPhone.ActiveCfg = Release|Any CPU
		{E86F0855-A56C-4090-AEA0-747CBF76F025}.Release|iPhone.Build.0 = Release|Any CPU
		{E86F0855-A56C-4090-AEA0-747CBF76F025}.Release|iPhoneSimulator.ActiveCfg = Release|Any CPU
		{E86F0855-A56C-4090-AEA0-747CBF76F025}.Release|iPhoneSimulator.Build.0 = Release|Any CPU
	EndGlobalSection
	GlobalSection(SolutionProperties) = preSolution
		HideSolutionNode = FALSE
	EndGlobalSection
	GlobalSection(NestedProjects) = preSolution
		{464003A2-64D1-4F69-865C-703A06F84D50} = {D47F9839-B659-4641-BFD1-18D4D3842666}
		{E86F0855-A56C-4090-AEA0-747CBF76F025} = {D47F9839-B659-4641-BFD1-18D4D3842666}
	EndGlobalSection
	GlobalSection(ExtensibilityGlobals) = postSolution
		SolutionGuid = {2926D75A-79BF-4AEB-9ED0-5973126CC6B1}
	EndGlobalSection
EndGlobal
